
Microsoft Visual Studio Solution File, Format Version 12.00
# Visual Studio Version 17
VisualStudioVersion = 17.5.33530.505
MinimumVisualStudioVersion = 10.0.40219.1
Project("{FAE04EC0-301F-11D3-BF4B-00C04F79EFBC}") = "ONBOXApp", "ONBOXApp\ONBOXApp.csproj", "{59DC5911-8879-4F59-86E0-7499B48BB7A5}"
EndProject
Project("{FAE04EC0-301F-11D3-BF4B-00C04F79EFBC}") = "CanvasTests", "CanvasTests\CanvasTests.csproj", "{C60EF26F-9E50-4751-8D9C-9D067CEA8F18}"
EndProject
Global
	GlobalSection(SolutionConfigurationPlatforms) = preSolution
		D2019|Any CPU = D2019|Any CPU
		D2019|x64 = D2019|x64
		D2020|Any CPU = D2020|Any CPU
		D2020|x64 = D2020|x64
		D2021|Any CPU = D2021|Any CPU
		D2021|x64 = D2021|x64
		D2022|Any CPU = D2022|Any CPU
		D2022|x64 = D2022|x64
		D2023|Any CPU = D2023|Any CPU
		D2023|x64 = D2023|x64
		D2024|Any CPU = D2024|Any CPU
		D2024|x64 = D2024|x64
		Debug|Any CPU = Debug|Any CPU
		Debug|x64 = Debug|x64
		R2019|Any CPU = R2019|Any CPU
		R2019|x64 = R2019|x64
		R2020|Any CPU = R2020|Any CPU
		R2020|x64 = R2020|x64
		R2021|Any CPU = R2021|Any CPU
		R2021|x64 = R2021|x64
		R2022|Any CPU = R2022|Any CPU
		R2022|x64 = R2022|x64
		R2023|Any CPU = R2023|Any CPU
		R2023|x64 = R2023|x64
		R2024|Any CPU = R2024|Any CPU
		R2024|x64 = R2024|x64
		Release|Any CPU = Release|Any CPU
		Release|x64 = Release|x64
	EndGlobalSection
	GlobalSection(ProjectConfigurationPlatforms) = postSolution
		{59DC5911-8879-4F59-86E0-7499B48BB7A5}.D2019|Any CPU.ActiveCfg = Debug2024|x64
		{59DC5911-8879-4F59-86E0-7499B48BB7A5}.D2019|Any CPU.Build.0 = Debug2024|x64
		{59DC5911-8879-4F59-86E0-7499B48BB7A5}.D2019|x64.ActiveCfg = Debug2019|x64
		{59DC5911-8879-4F59-86E0-7499B48BB7A5}.D2019|x64.Build.0 = Debug2019|x64
		{59DC5911-8879-4F59-86E0-7499B48BB7A5}.D2020|Any CPU.ActiveCfg = Debug2024|x64
		{59DC5911-8879-4F59-86E0-7499B48BB7A5}.D2020|Any CPU.Build.0 = Debug2024|x64
		{59DC5911-8879-4F59-86E0-7499B48BB7A5}.D2020|x64.ActiveCfg = Debug2020|x64
		{59DC5911-8879-4F59-86E0-7499B48BB7A5}.D2020|x64.Build.0 = Debug2020|x64
		{59DC5911-8879-4F59-86E0-7499B48BB7A5}.D2021|Any CPU.ActiveCfg = Debug2024|x64
		{59DC5911-8879-4F59-86E0-7499B48BB7A5}.D2021|Any CPU.Build.0 = Debug2024|x64
		{59DC5911-8879-4F59-86E0-7499B48BB7A5}.D2021|x64.ActiveCfg = Debug2021|x64
		{59DC5911-8879-4F59-86E0-7499B48BB7A5}.D2021|x64.Build.0 = Debug2021|x64
		{59DC5911-8879-4F59-86E0-7499B48BB7A5}.D2022|Any CPU.ActiveCfg = Debug2024|x64
		{59DC5911-8879-4F59-86E0-7499B48BB7A5}.D2022|Any CPU.Build.0 = Debug2024|x64
		{59DC5911-8879-4F59-86E0-7499B48BB7A5}.D2022|x64.ActiveCfg = Debug2022|x64
		{59DC5911-8879-4F59-86E0-7499B48BB7A5}.D2022|x64.Build.0 = Debug2022|x64
		{59DC5911-8879-4F59-86E0-7499B48BB7A5}.D2023|Any CPU.ActiveCfg = Debug2024|x64
		{59DC5911-8879-4F59-86E0-7499B48BB7A5}.D2023|Any CPU.Build.0 = Debug2024|x64
		{59DC5911-8879-4F59-86E0-7499B48BB7A5}.D2023|x64.ActiveCfg = Debug2023|x64
		{59DC5911-8879-4F59-86E0-7499B48BB7A5}.D2023|x64.Build.0 = Debug2023|x64
		{59DC5911-8879-4F59-86E0-7499B48BB7A5}.D2024|Any CPU.ActiveCfg = Debug2024|x64
		{59DC5911-8879-4F59-86E0-7499B48BB7A5}.D2024|Any CPU.Build.0 = Debug2024|x64
		{59DC5911-8879-4F59-86E0-7499B48BB7A5}.D2024|x64.ActiveCfg = Debug2024|x64
		{59DC5911-8879-4F59-86E0-7499B48BB7A5}.D2024|x64.Build.0 = Debug2024|x64
		{59DC5911-8879-4F59-86E0-7499B48BB7A5}.Debug|Any CPU.ActiveCfg = Debug2024|x64
		{59DC5911-8879-4F59-86E0-7499B48BB7A5}.Debug|Any CPU.Build.0 = Debug2024|x64
		{59DC5911-8879-4F59-86E0-7499B48BB7A5}.Debug|x64.ActiveCfg = Debug2024|x64
		{59DC5911-8879-4F59-86E0-7499B48BB7A5}.Debug|x64.Build.0 = Debug2024|x64
		{59DC5911-8879-4F59-86E0-7499B48BB7A5}.R2019|Any CPU.ActiveCfg = Release2024|x64
		{59DC5911-8879-4F59-86E0-7499B48BB7A5}.R2019|Any CPU.Build.0 = Release2024|x64
		{59DC5911-8879-4F59-86E0-7499B48BB7A5}.R2019|x64.ActiveCfg = Release2019|x64
		{59DC5911-8879-4F59-86E0-7499B48BB7A5}.R2019|x64.Build.0 = Release2019|x64
		{59DC5911-8879-4F59-86E0-7499B48BB7A5}.R2020|Any CPU.ActiveCfg = Release2024|x64
		{59DC5911-8879-4F59-86E0-7499B48BB7A5}.R2020|Any CPU.Build.0 = Release2024|x64
		{59DC5911-8879-4F59-86E0-7499B48BB7A5}.R2020|x64.ActiveCfg = Release2020|x64
		{59DC5911-8879-4F59-86E0-7499B48BB7A5}.R2020|x64.Build.0 = Release2020|x64
		{59DC5911-8879-4F59-86E0-7499B48BB7A5}.R2021|Any CPU.ActiveCfg = Release2024|x64
		{59DC5911-8879-4F59-86E0-7499B48BB7A5}.R2021|Any CPU.Build.0 = Release2024|x64
		{59DC5911-8879-4F59-86E0-7499B48BB7A5}.R2021|x64.ActiveCfg = Release2021|x64
		{59DC5911-8879-4F59-86E0-7499B48BB7A5}.R2021|x64.Build.0 = Release2021|x64
		{59DC5911-8879-4F59-86E0-7499B48BB7A5}.R2022|Any CPU.ActiveCfg = Release2024|x64
		{59DC5911-8879-4F59-86E0-7499B48BB7A5}.R2022|Any CPU.Build.0 = Release2024|x64
		{59DC5911-8879-4F59-86E0-7499B48BB7A5}.R2022|x64.ActiveCfg = Release2022|x64
		{59DC5911-8879-4F59-86E0-7499B48BB7A5}.R2022|x64.Build.0 = Release2022|x64
		{59DC5911-8879-4F59-86E0-7499B48BB7A5}.R2023|Any CPU.ActiveCfg = Release2024|x64
		{59DC5911-8879-4F59-86E0-7499B48BB7A5}.R2023|Any CPU.Build.0 = Release2024|x64
		{59DC5911-8879-4F59-86E0-7499B48BB7A5}.R2023|x64.ActiveCfg = Release2023|x64
		{59DC5911-8879-4F59-86E0-7499B48BB7A5}.R2023|x64.Build.0 = Release2023|x64
		{59DC5911-8879-4F59-86E0-7499B48BB7A5}.R2024|Any CPU.ActiveCfg = Release2024|x64
		{59DC5911-8879-4F59-86E0-7499B48BB7A5}.R2024|Any CPU.Build.0 = Release2024|x64
		{59DC5911-8879-4F59-86E0-7499B48BB7A5}.R2024|x64.ActiveCfg = Release2024|x64
		{59DC5911-8879-4F59-86E0-7499B48BB7A5}.R2024|x64.Build.0 = Release2024|x64
		{59DC5911-8879-4F59-86E0-7499B48BB7A5}.Release|Any CPU.ActiveCfg = Release2024|x64
		{59DC5911-8879-4F59-86E0-7499B48BB7A5}.Release|Any CPU.Build.0 = Release2024|x64
		{59DC5911-8879-4F59-86E0-7499B48BB7A5}.Release|x64.ActiveCfg = Release2024|x64
		{59DC5911-8879-4F59-86E0-7499B48BB7A5}.Release|x64.Build.0 = Release2024|x64
		{C60EF26F-9E50-4751-8D9C-9D067CEA8F18}.D2019|Any CPU.ActiveCfg = Debug|Any CPU
		{C60EF26F-9E50-4751-8D9C-9D067CEA8F18}.D2019|Any CPU.Build.0 = Debug|Any CPU
		{C60EF26F-9E50-4751-8D9C-9D067CEA8F18}.D2019|x64.ActiveCfg = Debug|Any CPU
		{C60EF26F-9E50-4751-8D9C-9D067CEA8F18}.D2019|x64.Build.0 = Debug|Any CPU
		{C60EF26F-9E50-4751-8D9C-9D067CEA8F18}.D2020|Any CPU.ActiveCfg = Debug|Any CPU
		{C60EF26F-9E50-4751-8D9C-9D067CEA8F18}.D2020|Any CPU.Build.0 = Debug|Any CPU
		{C60EF26F-9E50-4751-8D9C-9D067CEA8F18}.D2020|x64.ActiveCfg = Debug|Any CPU
		{C60EF26F-9E50-4751-8D9C-9D067CEA8F18}.D2020|x64.Build.0 = Debug|Any CPU
		{C60EF26F-9E50-4751-8D9C-9D067CEA8F18}.D2021|Any CPU.ActiveCfg = Debug|Any CPU
		{C60EF26F-9E50-4751-8D9C-9D067CEA8F18}.D2021|Any CPU.Build.0 = Debug|Any CPU
		{C60EF26F-9E50-4751-8D9C-9D067CEA8F18}.D2021|x64.ActiveCfg = Debug|Any CPU
		{C60EF26F-9E50-4751-8D9C-9D067CEA8F18}.D2021|x64.Build.0 = Debug|Any CPU
		{C60EF26F-9E50-4751-8D9C-9D067CEA8F18}.D2022|Any CPU.ActiveCfg = Debug|Any CPU
		{C60EF26F-9E50-4751-8D9C-9D067CEA8F18}.D2022|Any CPU.Build.0 = Debug|Any CPU
		{C60EF26F-9E50-4751-8D9C-9D067CEA8F18}.D2022|x64.ActiveCfg = Debug|Any CPU
		{C60EF26F-9E50-4751-8D9C-9D067CEA8F18}.D2022|x64.Build.0 = Debug|Any CPU
		{C60EF26F-9E50-4751-8D9C-9D067CEA8F18}.D2023|Any CPU.ActiveCfg = Debug|Any CPU
		{C60EF26F-9E50-4751-8D9C-9D067CEA8F18}.D2023|Any CPU.Build.0 = Debug|Any CPU
		{C60EF26F-9E50-4751-8D9C-9D067CEA8F18}.D2023|x64.ActiveCfg = Debug|Any CPU
		{C60EF26F-9E50-4751-8D9C-9D067CEA8F18}.D2023|x64.Build.0 = Debug|Any CPU
		{C60EF26F-9E50-4751-8D9C-9D067CEA8F18}.D2024|Any CPU.ActiveCfg = Debug|Any CPU
		{C60EF26F-9E50-4751-8D9C-9D067CEA8F18}.D2024|Any CPU.Build.0 = Debug|Any CPU
		{C60EF26F-9E50-4751-8D9C-9D067CEA8F18}.D2024|x64.ActiveCfg = Debug|Any CPU
		{C60EF26F-9E50-4751-8D9C-9D067CEA8F18}.D2024|x64.Build.0 = Debug|Any CPU
		{C60EF26F-9E50-4751-8D9C-9D067CEA8F18}.Debug|Any CPU.ActiveCfg = Debug|Any CPU
		{C60EF26F-9E50-4751-8D9C-9D067CEA8F18}.Debug|Any CPU.Build.0 = Debug|Any CPU
		{C60EF26F-9E50-4751-8D9C-9D067CEA8F18}.Debug|x64.ActiveCfg = Debug|Any CPU
		{C60EF26F-9E50-4751-8D9C-9D067CEA8F18}.Debug|x64.Build.0 = Debug|Any CPU
		{C60EF26F-9E50-4751-8D9C-9D067CEA8F18}.R2019|Any CPU.ActiveCfg = Release|Any CPU
		{C60EF26F-9E50-4751-8D9C-9D067CEA8F18}.R2019|Any CPU.Build.0 = Release|Any CPU
		{C60EF26F-9E50-4751-8D9C-9D067CEA8F18}.R2019|x64.ActiveCfg = Release|Any CPU
		{C60EF26F-9E50-4751-8D9C-9D067CEA8F18}.R2019|x64.Build.0 = Release|Any CPU
		{C60EF26F-9E50-4751-8D9C-9D067CEA8F18}.R2020|Any CPU.ActiveCfg = Release|Any CPU
		{C60EF26F-9E50-4751-8D9C-9D067CEA8F18}.R2020|Any CPU.Build.0 = Release|Any CPU
		{C60EF26F-9E50-4751-8D9C-9D067CEA8F18}.R2020|x64.ActiveCfg = Release|Any CPU
		{C60EF26F-9E50-4751-8D9C-9D067CEA8F18}.R2020|x64.Build.0 = Release|Any CPU
		{C60EF26F-9E50-4751-8D9C-9D067CEA8F18}.R2021|Any CPU.ActiveCfg = Release|Any CPU
		{C60EF26F-9E50-4751-8D9C-9D067CEA8F18}.R2021|Any CPU.Build.0 = Release|Any CPU
		{C60EF26F-9E50-4751-8D9C-9D067CEA8F18}.R2021|x64.ActiveCfg = Release|Any CPU
		{C60EF26F-9E50-4751-8D9C-9D067CEA8F18}.R2021|x64.Build.0 = Release|Any CPU
		{C60EF26F-9E50-4751-8D9C-9D067CEA8F18}.R2022|Any CPU.ActiveCfg = Release|Any CPU
		{C60EF26F-9E50-4751-8D9C-9D067CEA8F18}.R2022|Any CPU.Build.0 = Release|Any CPU
		{C60EF26F-9E50-4751-8D9C-9D067CEA8F18}.R2022|x64.ActiveCfg = Release|Any CPU
		{C60EF26F-9E50-4751-8D9C-9D067CEA8F18}.R2022|x64.Build.0 = Release|Any CPU
		{C60EF26F-9E50-4751-8D9C-9D067CEA8F18}.R2023|Any CPU.ActiveCfg = Release|Any CPU
		{C60EF26F-9E50-4751-8D9C-9D067CEA8F18}.R2023|Any CPU.Build.0 = Release|Any CPU
		{C60EF26F-9E50-4751-8D9C-9D067CEA8F18}.R2023|x64.ActiveCfg = Release|Any CPU
		{C60EF26F-9E50-4751-8D9C-9D067CEA8F18}.R2023|x64.Build.0 = Release|Any CPU
		{C60EF26F-9E50-4751-8D9C-9D067CEA8F18}.R2024|Any CPU.ActiveCfg = Release|Any CPU
		{C60EF26F-9E50-4751-8D9C-9D067CEA8F18}.R2024|Any CPU.Build.0 = Release|Any CPU
		{C60EF26F-9E50-4751-8D9C-9D067CEA8F18}.R2024|x64.ActiveCfg = Release|Any CPU
		{C60EF26F-9E50-4751-8D9C-9D067CEA8F18}.R2024|x64.Build.0 = Release|Any CPU
		{C60EF26F-9E50-4751-8D9C-9D067CEA8F18}.Release|Any CPU.ActiveCfg = Release|Any CPU
		{C60EF26F-9E50-4751-8D9C-9D067CEA8F18}.Release|Any CPU.Build.0 = Release|Any CPU
		{C60EF26F-9E50-4751-8D9C-9D067CEA8F18}.Release|x64.ActiveCfg = Release|Any CPU
		{C60EF26F-9E50-4751-8D9C-9D067CEA8F18}.Release|x64.Build.0 = Release|Any CPU
	EndGlobalSection
	GlobalSection(SolutionProperties) = preSolution
		HideSolutionNode = FALSE
	EndGlobalSection
	GlobalSection(ExtensibilityGlobals) = postSolution
		SolutionGuid = {050416B8-001C-4CA7-A170-C073760362D7}
	EndGlobalSection
EndGlobal
